<?xml version="1.0" encoding="utf-8"?>
<Project ToolsVersion="4.0" xmlns="http://schemas.microsoft.com/developer/msbuild/2003">
  <ItemGroup>
    <Filter Include="Source Files">
      <UniqueIdentifier>{4FC737F1-C7A5-4376-A066-2A32D752A2FF}</UniqueIdentifier>
      <Extensions>cpp;c;cc;cxx;def;odl;idl;hpj;bat;asm;asmx</Extensions>
    </Filter>
    <Filter Include="Source Files\Menu">
      <UniqueIdentifier>{249ff934-5489-48f1-92b0-9cba52bbc5f2}</UniqueIdentifier>
    </Filter>
    <Filter Include="Source Files\Menu\Buttons">
      <UniqueIdentifier>{4fd7a3d4-f5cd-45ab-a5df-84dba08bb924}</UniqueIdentifier>
    </Filter>
    <Filter Include="Source Files\PlayerVsAI">
      <UniqueIdentifier>{bd532f4e-15f6-4608-9d51-8e6444cf2115}</UniqueIdentifier>
    </Filter>
    <Filter Include="Header Files">
      <UniqueIdentifier>{93995380-89BD-4b04-88EB-625FBE52EBFB}</UniqueIdentifier>
      <Extensions>h;hh;hpp;hxx;hm;inl;inc;xsd</Extensions>
    </Filter>
    <Filter Include="Header Files\Menu">
      <UniqueIdentifier>{2d86fd1c-f675-4a92-975a-f5f7e0587aa6}</UniqueIdentifier>
    </Filter>
    <Filter Include="Header Files\PlayerVsAI">
      <UniqueIdentifier>{c9d9553a-228c-4177-8776-5ee82ebc69d7}</UniqueIdentifier>
    </Filter>
    <Filter Include="Header Files\Common">
      <UniqueIdentifier>{ba175cc2-cb85-4d0e-b689-a40d277f75a0}</UniqueIdentifier>
    </Filter>
    <Filter Include="Header Files\Menu\Buttons">
      <UniqueIdentifier>{23bae587-1ae2-4190-935d-d84a451b5338}</UniqueIdentifier>
    </Filter>
    <Filter Include="Resource Files">
      <UniqueIdentifier>{67DA6AB6-F800-4c08-8B7A-83BB121AAD01}</UniqueIdentifier>
      <Extensions>rc;ico;cur;bmp;dlg;rc2;rct;bin;rgs;gif;jpg;jpeg;jpe;resx;tiff;tif;png;wav;mfcribbon-ms</Extensions>
    </Filter>
    <Filter Include="Source Files\PlayerVsPlayer">
      <UniqueIdentifier>{f8d5f323-bba2-4976-bd78-d0559db2dda9}</UniqueIdentifier>
    </Filter>
    <Filter Include="Header Files\PVP">
      <UniqueIdentifier>{fcc7eae8-f642-458a-b57c-6eb897ee458c}</UniqueIdentifier>
    </Filter>
    <Filter Include="Source Files\Arbiter">
      <UniqueIdentifier>{2ba87e8f-cbfe-4731-8ffa-8171bf259de4}</UniqueIdentifier>
    </Filter>
  </ItemGroup>
  <ItemGroup>
    <ClCompile Include="main.cpp">
      <Filter>Source Files</Filter>
    </ClCompile>
    <ClCompile Include="MenuEventManager.cpp">
      <Filter>Source Files\Menu</Filter>
    </ClCompile>
    <ClCompile Include="MenuModel.cpp">
      <Filter>Source Files\Menu</Filter>
    </ClCompile>
    <ClCompile Include="GameEngine.cpp">
      <Filter>Source Files</Filter>
    </ClCompile>
    <ClCompile Include="Button.cpp">
      <Filter>Source Files\Menu\Buttons</Filter>
    </ClCompile>
    <ClCompile Include="PlayerVsPlayerButton.cpp">
      <Filter>Source Files\Menu\Buttons</Filter>
    </ClCompile>
    <ClCompile Include="ExitButton.cpp">
      <Filter>Source Files\Menu\Buttons</Filter>
    </ClCompile>
    <ClCompile Include="PlayerVsAIEventManager.cpp">
      <Filter>Source Files\PlayerVsAI</Filter>
    </ClCompile>
    <ClCompile Include="PlayerVsAIModel.cpp">
      <Filter>Source Files\PlayerVsAI</Filter>
    </ClCompile>
    <ClCompile Include="PlayerVsAIButton.cpp">
      <Filter>Source Files\Menu\Buttons</Filter>
    </ClCompile>
    <ClCompile Include="PVPEventManager.cpp">
      <Filter>Source Files\PlayerVsPlayer</Filter>
    </ClCompile>
    <ClCompile Include="PVPModel.cpp">
      <Filter>Source Files\PlayerVsPlayer</Filter>
    </ClCompile>
    <ClCompile Include="Arbiter.cpp">
      <Filter>Source Files\Arbiter</Filter>
    </ClCompile>
  </ItemGroup>
  <ItemGroup>
    <ClInclude Include="MenuEventManager.h">
      <Filter>Header Files\Menu</Filter>
    </ClInclude>
    <ClInclude Include="MenuModel.h">
      <Filter>Header Files\Menu</Filter>
    </ClInclude>
    <ClInclude Include="PlayerVsAIEventManager.h">
      <Filter>Header Files\PlayerVsAI</Filter>
    </ClInclude>
    <ClInclude Include="PlayerVsAIModel.h">
      <Filter>Header Files\PlayerVsAI</Filter>
    </ClInclude>
    <ClInclude Include="EventManager.h">
      <Filter>Header Files\Common</Filter>
    </ClInclude>
    <ClInclude Include="GameEngine.h">
      <Filter>Header Files\Common</Filter>
    </ClInclude>
    <ClInclude Include="Model.h">
      <Filter>Header Files\Common</Filter>
    </ClInclude>
    <ClInclude Include="Button.h">
      <Filter>Header Files\Menu\Buttons</Filter>
    </ClInclude>
    <ClInclude Include="ExitButton.h">
      <Filter>Header Files\Menu\Buttons</Filter>
    </ClInclude>
    <ClInclude Include="PlayerVsPlayerButton.h">
      <Filter>Header Files\Menu\Buttons</Filter>
    </ClInclude>
    <ClInclude Include="PlayerVsAIButton.h">
      <Filter>Header Files\Menu\Buttons</Filter>
    </ClInclude>
    <ClInclude Include="resource.h">
      <Filter>Header Files</Filter>
    </ClInclude>
    <ClInclude Include="PVPEventManager.h">
      <Filter>Header Files\PVP</Filter>
    </ClInclude>
    <ClInclude Include="PVPModel.h">
      <Filter>Header Files\PVP</Filter>
    </ClInclude>
    <ClInclude Include="Arbiter.h">
      <Filter>Header Files</Filter>
    </ClInclude>
  </ItemGroup>
  <ItemGroup>
    <Image Include="grille.gif">
      <Filter>Resource Files</Filter>
    </Image>
  </ItemGroup>
</Project>