<?xml version="1.0" encoding="utf-8"?>
<Project ToolsVersion="4.0" xmlns="http://schemas.microsoft.com/developer/msbuild/2003">
  <ItemGroup>
    <Filter Include="Source Files">
      <UniqueIdentifier>{4FC737F1-C7A5-4376-A066-2A32D752A2FF}</UniqueIdentifier>
      <Extensions>cpp;c;cc;cxx;def;odl;idl;hpj;bat;asm;asmx</Extensions>
    </Filter>
    <Filter Include="Header Files">
      <UniqueIdentifier>{93995380-89BD-4b04-88EB-625FBE52EBFB}</UniqueIdentifier>
      <Extensions>h;hh;hpp;hxx;hm;inl;inc;xsd</Extensions>
    </Filter>
    <Filter Include="Resource Files">
      <UniqueIdentifier>{67DA6AB6-F800-4c08-8B7A-83BB121AAD01}</UniqueIdentifier>
      <Extensions>rc;ico;cur;bmp;dlg;rc2;rct;bin;rgs;gif;jpg;jpeg;jpe;resx;tiff;tif;png;wav;mfcribbon-ms</Extensions>
    </Filter>
    <Filter Include="Source Files\Menu">
      <UniqueIdentifier>{249ff934-5489-48f1-92b0-9cba52bbc5f2}</UniqueIdentifier>
    </Filter>
    <Filter Include="Source Files\Menu\Buttons">
      <UniqueIdentifier>{4fd7a3d4-f5cd-45ab-a5df-84dba08bb924}</UniqueIdentifier>
    </Filter>
    <Filter Include="Source Files\Planti">
      <UniqueIdentifier>{015c3d03-8ed8-4cd0-a23d-d1f67aad9d93}</UniqueIdentifier>
    </Filter>
    <Filter Include="Source Files\PlayerVsAI">
      <UniqueIdentifier>{bd532f4e-15f6-4608-9d51-8e6444cf2115}</UniqueIdentifier>
    </Filter>
  </ItemGroup>
  <ItemGroup>
    <ClCompile Include="main.cpp">
      <Filter>Source Files</Filter>
    </ClCompile>
    <ClCompile Include="MenuEventManager.cpp">
      <Filter>Source Files\Menu</Filter>
    </ClCompile>
    <ClCompile Include="MenuModel.cpp">
      <Filter>Source Files\Menu</Filter>
    </ClCompile>
    <ClCompile Include="GameEngine.cpp">
      <Filter>Source Files</Filter>
    </ClCompile>
    <ClCompile Include="Button.cpp">
      <Filter>Source Files\Menu\Buttons</Filter>
    </ClCompile>
    <ClCompile Include="PlayerVsPlayerButton.cpp">
      <Filter>Source Files\Menu\Buttons</Filter>
    </ClCompile>
    <ClCompile Include="ExitButton.cpp">
      <Filter>Source Files\Menu\Buttons</Filter>
    </ClCompile>
    <ClCompile Include="Goban.cpp">
      <Filter>Source Files\Planti</Filter>
    </ClCompile>
    <ClCompile Include="PlayerVsIAButton.cpp">
      <Filter>Source Files\Menu\Buttons</Filter>
    </ClCompile>
  </ItemGroup>
  <ItemGroup>
    <ClInclude Include="MenuEventManager.h">
      <Filter>Header Files</Filter>
    </ClInclude>
    <ClInclude Include="EventManager.h">
      <Filter>Header Files</Filter>
    </ClInclude>
    <ClInclude Include="Model.h">
      <Filter>Header Files</Filter>
    </ClInclude>
    <ClInclude Include="MenuModel.h">
      <Filter>Header Files</Filter>
    </ClInclude>
    <ClInclude Include="GameEngine.h">
      <Filter>Header Files</Filter>
    </ClInclude>
    <ClInclude Include="Button.h">
      <Filter>Header Files</Filter>
    </ClInclude>
    <ClInclude Include="PlayerVsPlayerButton.h">
      <Filter>Header Files</Filter>
    </ClInclude>
    <ClInclude Include="ExitButton.h">
      <Filter>Header Files</Filter>
    </ClInclude>
    <ClInclude Include="Goban.h">
      <Filter>Header Files</Filter>
    </ClInclude>
    <ClInclude Include="PlayerVsIAButton.h">
      <Filter>Header Files</Filter>
    </ClInclude>
  </ItemGroup>
</Project>